Microsoft Visual Studio Solution File, Format Version 12.00
# Visual Studio Version 17
VisualStudioVersion = 17.11.35219.272
MinimumVisualStudioVersion = 10.0.40219.1
Project("{9A19103F-16F7-4668-BE54-9A1E7A4F7556}") = "TicTacToeCore", "TicTacToeCore\TicTacToeCore.csproj", "{784BD66A-1BF9-4A48-BBB6-22177945244B}"
EndProject
Global
	GlobalSection(SolutionConfigurationPlatforms) = preSolution
		Debug|Any CPU = Debug|Any CPU
		Debug|iPhone = Debug|iPhone
		Debug|iPhoneSimulator = Debug|iPhoneSimulator
		Release|Any CPU = Release|Any CPU
		Release|iPhone = Release|iPhone
		Release|iPhoneSimulator = Release|iPhoneSimulator
	EndGlobalSection
	GlobalSection(ProjectConfigurationPlatforms) = postSolution
		{784BD66A-1BF9-4A48-BBB6-22177945244B}.Debug|Any CPU.ActiveCfg = Debug|Any CPU
		{784BD66A-1BF9-4A48-BBB6-22177945244B}.Debug|Any CPU.Build.0 = Debug|Any CPU
		{784BD66A-1BF9-4A48-BBB6-22177945244B}.Debug|iPhone.ActiveCfg = Debug|Any CPU
		{784BD66A-1BF9-4A48-BBB6-22177945244B}.Debug|iPhone.Build.0 = Debug|Any CPU
		{784BD66A-1BF9-4A48-BBB6-22177945244B}.Debug|iPhoneSimulator.ActiveCfg = Debug|Any CPU
		{784BD66A-1BF9-4A48-BBB6-22177945244B}.Debug|iPhoneSimulator.Build.0 = Debug|Any CPU
		{784BD66A-1BF9-4A48-BBB6-22177945244B}.Release|Any CPU.ActiveCfg = Release|Any CPU
		{784BD66A-1BF9-4A48-BBB6-22177945244B}.Release|Any CPU.Build.0 = Release|Any CPU
		{784BD66A-1BF9-4A48-BBB6-22177945244B}.Release|iPhone.ActiveCfg = Release|Any CPU
		{784BD66A-1BF9-4A48-BBB6-22177945244B}.Release|iPhone.Build.0 = Release|Any CPU
		{784BD66A-1BF9-4A48-BBB6-22177945244B}.Release|iPhoneSimulator.ActiveCfg = Release|Any CPU
		{784BD66A-1BF9-4A48-BBB6-22177945244B}.Release|iPhoneSimulator.Build.0 = Release|Any CPU
	EndGlobalSection
	GlobalSection(SolutionProperties) = preSolution
		HideSolutionNode = FALSE
	EndGlobalSection
	GlobalSection(ExtensibilityGlobals) = postSolution
		SolutionGuid = {F7D313AC-2D02-48E8-9F9D-36FB2E64353D}
	EndGlobalSection
EndGlobal
